
Microsoft Visual Studio Solution File, Format Version 12.00
# Visual Studio Version 17
VisualStudioVersion = 17.9.34728.123
MinimumVisualStudioVersion = 10.0.40219.1
Project("{FAE04EC0-301F-11D3-BF4B-00C04F79EFBC}") = "gwmcall", "gwmcall\gwmcall.csproj", "{F7D60869-4768-43DE-A6A5-7D5D4820FF6D}"
EndProject
Global
	GlobalSection(SolutionConfigurationPlatforms) = preSolution
		Debug|Any CPU = Debug|Any CPU
		Release|Any CPU = Release|Any CPU
	EndGlobalSection
	GlobalSection(ProjectConfigurationPlatforms) = postSolution
		{F7D60869-4768-43DE-A6A5-7D5D4820FF6D}.Debug|Any CPU.ActiveCfg = Debug|Any CPU
		{F7D60869-4768-43DE-A6A5-7D5D4820FF6D}.Debug|Any CPU.Build.0 = Debug|Any CPU
		{F7D60869-4768-43DE-A6A5-7D5D4820FF6D}.Release|Any CPU.ActiveCfg = Release|Any CPU
		{F7D60869-4768-43DE-A6A5-7D5D4820FF6D}.Release|Any CPU.Build.0 = Release|Any CPU
	EndGlobalSection
	GlobalSection(SolutionProperties) = preSolution
		HideSolutionNode = FALSE
	EndGlobalSection
	GlobalSection(ExtensibilityGlobals) = postSolution
		SolutionGuid = {4C748FAE-5BCD-4F1C-B0B1-3B29E328ACCA}
	EndGlobalSection
EndGlobal
